
Microsoft Visual Studio Solution File, Format Version 12.00
# Visual Studio Version 16
VisualStudioVersion = 25.0.1700.0
MinimumVisualStudioVersion = 10.0.40219.1
Project("{FAE04EC0-301F-11D3-BF4B-00C04F79EFBC}") = "NationalParkFinder.Android", "NationalParkFinder\NationalParkFinder.Android\NationalParkFinder.Android.csproj", "{B325F106-4B44-47E2-93EC-697A42F6339D}"
EndProject
Project("{FAE04EC0-301F-11D3-BF4B-00C04F79EFBC}") = "NationalParkFinder.iOS", "NationalParkFinder\NationalParkFinder.iOS\NationalParkFinder.iOS.csproj", "{5CAB167F-0155-4D3F-9F23-A361BA58B07E}"
EndProject
Project("{FAE04EC0-301F-11D3-BF4B-00C04F79EFBC}") = "NationalParkFinder", "NationalParkFinder\NationalParkFinder\NationalParkFinder.csproj", "{977A9482-FB15-43F6-BF54-C0C1E231DE36}"
EndProject
Global
	GlobalSection(SolutionConfigurationPlatforms) = preSolution
		Debug|Any CPU = Debug|Any CPU
		Release|Any CPU = Release|Any CPU
		Debug|iPhoneSimulator = Debug|iPhoneSimulator
		Release|iPhoneSimulator = Release|iPhoneSimulator
		Debug|iPhone = Debug|iPhone
		Release|iPhone = Release|iPhone
	EndGlobalSection
	GlobalSection(ProjectConfigurationPlatforms) = postSolution
		{B325F106-4B44-47E2-93EC-697A42F6339D}.Debug|Any CPU.ActiveCfg = Debug|Any CPU
		{B325F106-4B44-47E2-93EC-697A42F6339D}.Debug|Any CPU.Build.0 = Debug|Any CPU
		{B325F106-4B44-47E2-93EC-697A42F6339D}.Release|Any CPU.ActiveCfg = Release|Any CPU
		{B325F106-4B44-47E2-93EC-697A42F6339D}.Release|Any CPU.Build.0 = Release|Any CPU
		{B325F106-4B44-47E2-93EC-697A42F6339D}.Debug|iPhoneSimulator.ActiveCfg = Debug|Any CPU
		{B325F106-4B44-47E2-93EC-697A42F6339D}.Debug|iPhoneSimulator.Build.0 = Debug|Any CPU
		{B325F106-4B44-47E2-93EC-697A42F6339D}.Release|iPhoneSimulator.ActiveCfg = Release|Any CPU
		{B325F106-4B44-47E2-93EC-697A42F6339D}.Release|iPhoneSimulator.Build.0 = Release|Any CPU
		{B325F106-4B44-47E2-93EC-697A42F6339D}.Debug|iPhone.ActiveCfg = Debug|Any CPU
		{B325F106-4B44-47E2-93EC-697A42F6339D}.Debug|iPhone.Build.0 = Debug|Any CPU
		{B325F106-4B44-47E2-93EC-697A42F6339D}.Release|iPhone.ActiveCfg = Release|Any CPU
		{B325F106-4B44-47E2-93EC-697A42F6339D}.Release|iPhone.Build.0 = Release|Any CPU
		{5CAB167F-0155-4D3F-9F23-A361BA58B07E}.Debug|Any CPU.ActiveCfg = Debug|iPhoneSimulator
		{5CAB167F-0155-4D3F-9F23-A361BA58B07E}.Debug|Any CPU.Build.0 = Debug|iPhoneSimulator
		{5CAB167F-0155-4D3F-9F23-A361BA58B07E}.Release|Any CPU.ActiveCfg = Release|iPhoneSimulator
		{5CAB167F-0155-4D3F-9F23-A361BA58B07E}.Release|Any CPU.Build.0 = Release|iPhoneSimulator
		{5CAB167F-0155-4D3F-9F23-A361BA58B07E}.Debug|iPhoneSimulator.ActiveCfg = Debug|iPhoneSimulator
		{5CAB167F-0155-4D3F-9F23-A361BA58B07E}.Debug|iPhoneSimulator.Build.0 = Debug|iPhoneSimulator
		{5CAB167F-0155-4D3F-9F23-A361BA58B07E}.Release|iPhoneSimulator.ActiveCfg = Release|iPhoneSimulator
		{5CAB167F-0155-4D3F-9F23-A361BA58B07E}.Release|iPhoneSimulator.Build.0 = Release|iPhoneSimulator
		{5CAB167F-0155-4D3F-9F23-A361BA58B07E}.Debug|iPhone.ActiveCfg = Debug|iPhone
		{5CAB167F-0155-4D3F-9F23-A361BA58B07E}.Debug|iPhone.Build.0 = Debug|iPhone
		{5CAB167F-0155-4D3F-9F23-A361BA58B07E}.Release|iPhone.ActiveCfg = Release|iPhone
		{5CAB167F-0155-4D3F-9F23-A361BA58B07E}.Release|iPhone.Build.0 = Release|iPhone
		{977A9482-FB15-43F6-BF54-C0C1E231DE36}.Debug|Any CPU.ActiveCfg = Debug|Any CPU
		{977A9482-FB15-43F6-BF54-C0C1E231DE36}.Debug|Any CPU.Build.0 = Debug|Any CPU
		{977A9482-FB15-43F6-BF54-C0C1E231DE36}.Release|Any CPU.ActiveCfg = Release|Any CPU
		{977A9482-FB15-43F6-BF54-C0C1E231DE36}.Release|Any CPU.Build.0 = Release|Any CPU
		{977A9482-FB15-43F6-BF54-C0C1E231DE36}.Debug|iPhoneSimulator.ActiveCfg = Debug|Any CPU
		{977A9482-FB15-43F6-BF54-C0C1E231DE36}.Debug|iPhoneSimulator.Build.0 = Debug|Any CPU
		{977A9482-FB15-43F6-BF54-C0C1E231DE36}.Release|iPhoneSimulator.ActiveCfg = Release|Any CPU
		{977A9482-FB15-43F6-BF54-C0C1E231DE36}.Release|iPhoneSimulator.Build.0 = Release|Any CPU
		{977A9482-FB15-43F6-BF54-C0C1E231DE36}.Debug|iPhone.ActiveCfg = Debug|Any CPU
		{977A9482-FB15-43F6-BF54-C0C1E231DE36}.Debug|iPhone.Build.0 = Debug|Any CPU
		{977A9482-FB15-43F6-BF54-C0C1E231DE36}.Release|iPhone.ActiveCfg = Release|Any CPU
		{977A9482-FB15-43F6-BF54-C0C1E231DE36}.Release|iPhone.Build.0 = Release|Any CPU
	EndGlobalSection
	GlobalSection(SolutionProperties) = preSolution
		HideSolutionNode = FALSE
	EndGlobalSection
	GlobalSection(ExtensibilityGlobals) = postSolution
		SolutionGuid = {674A8E3B-7B28-43E6-A534-449A535127F0}
	EndGlobalSection
EndGlobal
